
Microsoft Visual Studio Solution File, Format Version 12.00
# Visual Studio Version 16
VisualStudioVersion = 16.0.31112.23
MinimumVisualStudioVersion = 10.0.40219.1
Project("{8BC9CEB8-8B4A-11D0-8D11-00A0C91BC942}") = "qsort模拟实现", "qsort模拟实现.vcxproj", "{DA3735EC-EF71-47F4-871E-EA8959D70907}"
EndProject
Global
	GlobalSection(SolutionConfigurationPlatforms) = preSolution
		Debug|x64 = Debug|x64
		Debug|x86 = Debug|x86
		Release|x64 = Release|x64
		Release|x86 = Release|x86
	EndGlobalSection
	GlobalSection(ProjectConfigurationPlatforms) = postSolution
		{DA3735EC-EF71-47F4-871E-EA8959D70907}.Debug|x64.ActiveCfg = Debug|x64
		{DA3735EC-EF71-47F4-871E-EA8959D70907}.Debug|x64.Build.0 = Debug|x64
		{DA3735EC-EF71-47F4-871E-EA8959D70907}.Debug|x86.ActiveCfg = Debug|Win32
		{DA3735EC-EF71-47F4-871E-EA8959D70907}.Debug|x86.Build.0 = Debug|Win32
		{DA3735EC-EF71-47F4-871E-EA8959D70907}.Release|x64.ActiveCfg = Release|x64
		{DA3735EC-EF71-47F4-871E-EA8959D70907}.Release|x64.Build.0 = Release|x64
		{DA3735EC-EF71-47F4-871E-EA8959D70907}.Release|x86.ActiveCfg = Release|Win32
		{DA3735EC-EF71-47F4-871E-EA8959D70907}.Release|x86.Build.0 = Release|Win32
	EndGlobalSection
	GlobalSection(SolutionProperties) = preSolution
		HideSolutionNode = FALSE
	EndGlobalSection
	GlobalSection(ExtensibilityGlobals) = postSolution
		SolutionGuid = {C3E6D62C-0B1D-4A28-9000-F8173BFDDCAB}
	EndGlobalSection
EndGlobal
