
Microsoft Visual Studio Solution File, Format Version 12.00
# Visual Studio Version 16
VisualStudioVersion = 16.0.31112.23
MinimumVisualStudioVersion = 10.0.40219.1
Project("{8BC9CEB8-8B4A-11D0-8D11-00A0C91BC942}") = "Queue", "Queue.vcxproj", "{9A254404-3ECF-4392-B5FC-DAEB8EF4096D}"
EndProject
Global
	GlobalSection(SolutionConfigurationPlatforms) = preSolution
		Debug|x64 = Debug|x64
		Debug|x86 = Debug|x86
		Release|x64 = Release|x64
		Release|x86 = Release|x86
	EndGlobalSection
	GlobalSection(ProjectConfigurationPlatforms) = postSolution
		{9A254404-3ECF-4392-B5FC-DAEB8EF4096D}.Debug|x64.ActiveCfg = Debug|x64
		{9A254404-3ECF-4392-B5FC-DAEB8EF4096D}.Debug|x64.Build.0 = Debug|x64
		{9A254404-3ECF-4392-B5FC-DAEB8EF4096D}.Debug|x86.ActiveCfg = Debug|Win32
		{9A254404-3ECF-4392-B5FC-DAEB8EF4096D}.Debug|x86.Build.0 = Debug|Win32
		{9A254404-3ECF-4392-B5FC-DAEB8EF4096D}.Release|x64.ActiveCfg = Release|x64
		{9A254404-3ECF-4392-B5FC-DAEB8EF4096D}.Release|x64.Build.0 = Release|x64
		{9A254404-3ECF-4392-B5FC-DAEB8EF4096D}.Release|x86.ActiveCfg = Release|Win32
		{9A254404-3ECF-4392-B5FC-DAEB8EF4096D}.Release|x86.Build.0 = Release|Win32
	EndGlobalSection
	GlobalSection(SolutionProperties) = preSolution
		HideSolutionNode = FALSE
	EndGlobalSection
	GlobalSection(ExtensibilityGlobals) = postSolution
		SolutionGuid = {592CF353-F6F5-4393-AE0B-5AF86897D9B0}
	EndGlobalSection
EndGlobal
